
Microsoft Visual Studio Solution File, Format Version 12.00
# Visual Studio Version 16
VisualStudioVersion = 16.0.29306.81
MinimumVisualStudioVersion = 10.0.40219.1
Project("{FAE04EC0-301F-11D3-BF4B-00C04F79EFBC}") = "Triangulation", "Triangulation\Triangulation.csproj", "{40172EAD-D322-4171-A885-4A54C9A7BFF3}"
EndProject
Global
	GlobalSection(SolutionConfigurationPlatforms) = preSolution
		Debug|Any CPU = Debug|Any CPU
		Release|Any CPU = Release|Any CPU
	EndGlobalSection
	GlobalSection(ProjectConfigurationPlatforms) = postSolution
		{40172EAD-D322-4171-A885-4A54C9A7BFF3}.Debug|Any CPU.ActiveCfg = Debug|Any CPU
		{40172EAD-D322-4171-A885-4A54C9A7BFF3}.Debug|Any CPU.Build.0 = Debug|Any CPU
		{40172EAD-D322-4171-A885-4A54C9A7BFF3}.Release|Any CPU.ActiveCfg = Release|Any CPU
		{40172EAD-D322-4171-A885-4A54C9A7BFF3}.Release|Any CPU.Build.0 = Release|Any CPU
	EndGlobalSection
	GlobalSection(SolutionProperties) = preSolution
		HideSolutionNode = FALSE
	EndGlobalSection
	GlobalSection(ExtensibilityGlobals) = postSolution
		SolutionGuid = {130BEA3D-3AC1-4E14-8B64-68207137361C}
	EndGlobalSection
EndGlobal
